// !$*UTF8*$!
{
	archiveVersion = 1;
	classes = {
	};
	objectVersion = 52;
	objects = {

/* Begin PBXBuildFile section */
		243BB7402627C0DB00042984 /* AppDelegate.swift in Sources */ = {isa = PBXBuildFile; fileRef = 243BB73F2627C0DB00042984 /* AppDelegate.swift */; };
		243BB7422627C0DB00042984 /* SceneDelegate.swift in Sources */ = {isa = PBXBuildFile; fileRef = 243BB7412627C0DB00042984 /* SceneDelegate.swift */; };
		243BB7442627C0DB00042984 /* ViewController.swift in Sources */ = {isa = PBXBuildFile; fileRef = 243BB7432627C0DB00042984 /* ViewController.swift */; };
		243BB7472627C0DC00042984 /* Main.storyboard in Resources */ = {isa = PBXBuildFile; fileRef = 243BB7452627C0DC00042984 /* Main.storyboard */; };
		243BB7492627C0DF00042984 /* Assets.xcassets in Resources */ = {isa = PBXBuildFile; fileRef = 243BB7482627C0DF00042984 /* Assets.xcassets */; };
		243BB74C2627C0DF00042984 /* LaunchScreen.storyboard in Resources */ = {isa = PBXBuildFile; fileRef = 243BB74A2627C0DF00042984 /* LaunchScreen.storyboard */; };
		244B1E7F263EE57F00808B65 /* CustomisedCell.swift in Sources */ = {isa = PBXBuildFile; fileRef = 244B1E7D263EE57F00808B65 /* CustomisedCell.swift */; };
		244B1E80263EE57F00808B65 /* CustomisedCell.xib in Resources */ = {isa = PBXBuildFile; fileRef = 244B1E7E263EE57F00808B65 /* CustomisedCell.xib */; };
		244B1E84263F286800808B65 /* IQKeyboardManagerSwift in Frameworks */ = {isa = PBXBuildFile; productRef = 244B1E83263F286800808B65 /* IQKeyboardManagerSwift */; };
		24514773264DDF3C00CBE583 /* MessageViewController.swift in Sources */ = {isa = PBXBuildFile; fileRef = 24514772264DDF3C00CBE583 /* MessageViewController.swift */; };
		245147772650B60A00CBE583 /* TutorialViewController.swift in Sources */ = {isa = PBXBuildFile; fileRef = 245147762650B60A00CBE583 /* TutorialViewController.swift */; };
		2453238A2654671800E3A878 /* UsersData.swift in Sources */ = {isa = PBXBuildFile; fileRef = 245323892654671700E3A878 /* UsersData.swift */; };
		2453238E2656CCD200E3A878 /* AvatarViewController.swift in Sources */ = {isa = PBXBuildFile; fileRef = 2453238D2656CCD200E3A878 /* AvatarViewController.swift */; };
		24631C26263D822200A41415 /* FirstViewController.swift in Sources */ = {isa = PBXBuildFile; fileRef = 24631C25263D822200A41415 /* FirstViewController.swift */; };
		24631C2A263DC36A00A41415 /* README.md in Resources */ = {isa = PBXBuildFile; fileRef = 24631C29263DC36A00A41415 /* README.md */; };
		24631C2E263DE4E800A41415 /* SignUpViewController.swift in Sources */ = {isa = PBXBuildFile; fileRef = 24631C2D263DE4E800A41415 /* SignUpViewController.swift */; };
		24631C31263DEDEB00A41415 /* SignInViewController.swift in Sources */ = {isa = PBXBuildFile; fileRef = 24631C30263DEDEB00A41415 /* SignInViewController.swift */; };
		24631C34263EC07300A41415 /* KlachuViewController.swift in Sources */ = {isa = PBXBuildFile; fileRef = 24631C33263EC07300A41415 /* KlachuViewController.swift */; };
		24631C37263ED70400A41415 /* MessageData.swift in Sources */ = {isa = PBXBuildFile; fileRef = 24631C36263ED70400A41415 /* MessageData.swift */; };
		2482D3562628B3330055C78D /* GoogleService-Info.plist in Resources */ = {isa = PBXBuildFile; fileRef = 2482D3552628B3330055C78D /* GoogleService-Info.plist */; };
		24B843D3265D799500BFDBE3 /* CustomUsersViewCell.swift in Sources */ = {isa = PBXBuildFile; fileRef = 24B843D1265D799500BFDBE3 /* CustomUsersViewCell.swift */; };
		24B843D4265D799500BFDBE3 /* CustomUsersViewCell.xib in Resources */ = {isa = PBXBuildFile; fileRef = 24B843D2265D799500BFDBE3 /* CustomUsersViewCell.xib */; };
		F4CF3174F9B4E4DE45E6DDE6 /* Pods_Klachu_Klachu.framework in Frameworks */ = {isa = PBXBuildFile; fileRef = 1CE41F58375A2A874CE2F251 /* Pods_Klachu_Klachu.framework */; };
/* End PBXBuildFile section */

/* Begin PBXFileReference section */
		1CE41F58375A2A874CE2F251 /* Pods_Klachu_Klachu.framework */ = {isa = PBXFileReference; explicitFileType = wrapper.framework; includeInIndex = 0; path = Pods_Klachu_Klachu.framework; sourceTree = BUILT_PRODUCTS_DIR; };
		243BB73C2627C0DB00042984 /* Klachu-Klachu.app */ = {isa = PBXFileReference; explicitFileType = wrapper.application; includeInIndex = 0; path = "Klachu-Klachu.app"; sourceTree = BUILT_PRODUCTS_DIR; };
		243BB73F2627C0DB00042984 /* AppDelegate.swift */ = {isa = PBXFileReference; lastKnownFileType = sourcecode.swift; path = AppDelegate.swift; sourceTree = "<group>"; };
		243BB7412627C0DB00042984 /* SceneDelegate.swift */ = {isa = PBXFileReference; lastKnownFileType = sourcecode.swift; path = SceneDelegate.swift; sourceTree = "<group>"; };
		243BB7432627C0DB00042984 /* ViewController.swift */ = {isa = PBXFileReference; lastKnownFileType = sourcecode.swift; path = ViewController.swift; sourceTree = "<group>"; };
		243BB7462627C0DC00042984 /* Base */ = {isa = PBXFileReference; lastKnownFileType = file.storyboard; name = Base; path = Base.lproj/Main.storyboard; sourceTree = "<group>"; };
		243BB7482627C0DF00042984 /* Assets.xcassets */ = {isa = PBXFileReference; lastKnownFileType = folder.assetcatalog; path = Assets.xcassets; sourceTree = "<group>"; };
		243BB74B2627C0DF00042984 /* Base */ = {isa = PBXFileReference; lastKnownFileType = file.storyboard; name = Base; path = Base.lproj/LaunchScreen.storyboard; sourceTree = "<group>"; };
		243BB74D2627C0DF00042984 /* Info.plist */ = {isa = PBXFileReference; lastKnownFileType = text.plist.xml; path = Info.plist; sourceTree = "<group>"; };
		244B1E7D263EE57F00808B65 /* CustomisedCell.swift */ = {isa = PBXFileReference; lastKnownFileType = sourcecode.swift; path = CustomisedCell.swift; sourceTree = "<group>"; };
		244B1E7E263EE57F00808B65 /* CustomisedCell.xib */ = {isa = PBXFileReference; lastKnownFileType = file.xib; path = CustomisedCell.xib; sourceTree = "<group>"; };
		24514772264DDF3C00CBE583 /* MessageViewController.swift */ = {isa = PBXFileReference; lastKnownFileType = sourcecode.swift; path = MessageViewController.swift; sourceTree = "<group>"; };
		245147762650B60A00CBE583 /* TutorialViewController.swift */ = {isa = PBXFileReference; lastKnownFileType = sourcecode.swift; path = TutorialViewController.swift; sourceTree = "<group>"; };
		245323892654671700E3A878 /* UsersData.swift */ = {isa = PBXFileReference; lastKnownFileType = sourcecode.swift; path = UsersData.swift; sourceTree = "<group>"; };
		2453238D2656CCD200E3A878 /* AvatarViewController.swift */ = {isa = PBXFileReference; lastKnownFileType = sourcecode.swift; path = AvatarViewController.swift; sourceTree = "<group>"; };
		24631C25263D822200A41415 /* FirstViewController.swift */ = {isa = PBXFileReference; lastKnownFileType = sourcecode.swift; path = FirstViewController.swift; sourceTree = "<group>"; };
		24631C29263DC36A00A41415 /* README.md */ = {isa = PBXFileReference; fileEncoding = 4; lastKnownFileType = net.daringfireball.markdown; path = README.md; sourceTree = "<group>"; usesTabs = 0; };
		24631C2D263DE4E800A41415 /* SignUpViewController.swift */ = {isa = PBXFileReference; lastKnownFileType = sourcecode.swift; path = SignUpViewController.swift; sourceTree = "<group>"; };
		24631C30263DEDEB00A41415 /* SignInViewController.swift */ = {isa = PBXFileReference; lastKnownFileType = sourcecode.swift; path = SignInViewController.swift; sourceTree = "<group>"; };
		24631C33263EC07300A41415 /* KlachuViewController.swift */ = {isa = PBXFileReference; lastKnownFileType = sourcecode.swift; path = KlachuViewController.swift; sourceTree = "<group>"; };
		24631C36263ED70400A41415 /* MessageData.swift */ = {isa = PBXFileReference; lastKnownFileType = sourcecode.swift; path = MessageData.swift; sourceTree = "<group>"; };
		2482D3552628B3330055C78D /* GoogleService-Info.plist */ = {isa = PBXFileReference; fileEncoding = 4; lastKnownFileType = text.plist.xml; path = "GoogleService-Info.plist"; sourceTree = "<group>"; };
		24B843D1265D799500BFDBE3 /* CustomUsersViewCell.swift */ = {isa = PBXFileReference; lastKnownFileType = sourcecode.swift; path = CustomUsersViewCell.swift; sourceTree = "<group>"; };
		24B843D2265D799500BFDBE3 /* CustomUsersViewCell.xib */ = {isa = PBXFileReference; lastKnownFileType = file.xib; path = CustomUsersViewCell.xib; sourceTree = "<group>"; };
		3237186FD83D1700649C250C /* Pods-Klachu-Klachu.debug.xcconfig */ = {isa = PBXFileReference; includeInIndex = 1; lastKnownFileType = text.xcconfig; name = "Pods-Klachu-Klachu.debug.xcconfig"; path = "Target Support Files/Pods-Klachu-Klachu/Pods-Klachu-Klachu.debug.xcconfig"; sourceTree = "<group>"; };
		9E4BCDED16CDB8FE60CB5830 /* Pods-Klachu-Klachu.release.xcconfig */ = {isa = PBXFileReference; includeInIndex = 1; lastKnownFileType = text.xcconfig; name = "Pods-Klachu-Klachu.release.xcconfig"; path = "Target Support Files/Pods-Klachu-Klachu/Pods-Klachu-Klachu.release.xcconfig"; sourceTree = "<group>"; };
/* End PBXFileReference section */

/* Begin PBXFrameworksBuildPhase section */
		243BB7392627C0DB00042984 /* Frameworks */ = {
			isa = PBXFrameworksBuildPhase;
			buildActionMask = 2147483647;
			files = (
				F4CF3174F9B4E4DE45E6DDE6 /* Pods_Klachu_Klachu.framework in Frameworks */,
				244B1E84263F286800808B65 /* IQKeyboardManagerSwift in Frameworks */,
			);
			runOnlyForDeploymentPostprocessing = 0;
		};
/* End PBXFrameworksBuildPhase section */

/* Begin PBXGroup section */
		243BB7332627C0DB00042984 = {
			isa = PBXGroup;
			children = (
				24631C29263DC36A00A41415 /* README.md */,
				243BB73E2627C0DB00042984 /* Klachu-Klachu */,
				243BB73D2627C0DB00042984 /* Products */,
				5897A80BE40963001957B6FA /* Pods */,
				F8D3AB561BA729C66A9C2BCC /* Frameworks */,
			);
			sourceTree = "<group>";
		};
		243BB73D2627C0DB00042984 /* Products */ = {
			isa = PBXGroup;
			children = (
				243BB73C2627C0DB00042984 /* Klachu-Klachu.app */,
			);
			name = Products;
			sourceTree = "<group>";
		};
		243BB73E2627C0DB00042984 /* Klachu-Klachu */ = {
			isa = PBXGroup;
			children = (
				243BB7562627C32000042984 /* Controller */,
				243BB7552627C31C00042984 /* View */,
				243BB7542627C31400042984 /* Model */,
				243BB73F2627C0DB00042984 /* AppDelegate.swift */,
				243BB7412627C0DB00042984 /* SceneDelegate.swift */,
				243BB7482627C0DF00042984 /* Assets.xcassets */,
				243BB74D2627C0DF00042984 /* Info.plist */,
				2482D3552628B3330055C78D /* GoogleService-Info.plist */,
			);
			path = "Klachu-Klachu";
			sourceTree = "<group>";
		};
		243BB7542627C31400042984 /* Model */ = {
			isa = PBXGroup;
			children = (
				24631C36263ED70400A41415 /* MessageData.swift */,
				245323892654671700E3A878 /* UsersData.swift */,
			);
			path = Model;
			sourceTree = "<group>";
		};
		243BB7552627C31C00042984 /* View */ = {
			isa = PBXGroup;
			children = (
				243BB7452627C0DC00042984 /* Main.storyboard */,
				243BB74A2627C0DF00042984 /* LaunchScreen.storyboard */,
				244B1E7D263EE57F00808B65 /* CustomisedCell.swift */,
				244B1E7E263EE57F00808B65 /* CustomisedCell.xib */,
				24B843D1265D799500BFDBE3 /* CustomUsersViewCell.swift */,
				24B843D2265D799500BFDBE3 /* CustomUsersViewCell.xib */,
			);
			path = View;
			sourceTree = "<group>";
		};
		243BB7562627C32000042984 /* Controller */ = {
			isa = PBXGroup;
			children = (
				243BB7432627C0DB00042984 /* ViewController.swift */,
				24631C25263D822200A41415 /* FirstViewController.swift */,
				245147762650B60A00CBE583 /* TutorialViewController.swift */,
				24631C30263DEDEB00A41415 /* SignInViewController.swift */,
				24631C2D263DE4E800A41415 /* SignUpViewController.swift */,
				2453238D2656CCD200E3A878 /* AvatarViewController.swift */,
				24514772264DDF3C00CBE583 /* MessageViewController.swift */,
				24631C33263EC07300A41415 /* KlachuViewController.swift */,
			);
			path = Controller;
			sourceTree = "<group>";
		};
		5897A80BE40963001957B6FA /* Pods */ = {
			isa = PBXGroup;
			children = (
				3237186FD83D1700649C250C /* Pods-Klachu-Klachu.debug.xcconfig */,
				9E4BCDED16CDB8FE60CB5830 /* Pods-Klachu-Klachu.release.xcconfig */,
			);
			path = Pods;
			sourceTree = "<group>";
		};
		F8D3AB561BA729C66A9C2BCC /* Frameworks */ = {
			isa = PBXGroup;
			children = (
				1CE41F58375A2A874CE2F251 /* Pods_Klachu_Klachu.framework */,
			);
			name = Frameworks;
			sourceTree = "<group>";
		};
/* End PBXGroup section */

/* Begin PBXNativeTarget section */
		243BB73B2627C0DB00042984 /* Klachu-Klachu */ = {
			isa = PBXNativeTarget;
			buildConfigurationList = 243BB7502627C0DF00042984 /* Build configuration list for PBXNativeTarget "Klachu-Klachu" */;
			buildPhases = (
				B9970B35B4DE54AA8B7DEB2E /* [CP] Check Pods Manifest.lock */,
				243BB7382627C0DB00042984 /* Sources */,
				243BB7392627C0DB00042984 /* Frameworks */,
				243BB73A2627C0DB00042984 /* Resources */,
				FC3D6CA6237F41F33EE3CBB4 /* [CP] Embed Pods Frameworks */,
			);
			buildRules = (
			);
			dependencies = (
			);
			name = "Klachu-Klachu";
			packageProductDependencies = (
				244B1E83263F286800808B65 /* IQKeyboardManagerSwift */,
			);
			productName = "Klachu-Klachu";
			productReference = 243BB73C2627C0DB00042984 /* Klachu-Klachu.app */;
			productType = "com.apple.product-type.application";
		};
/* End PBXNativeTarget section */

/* Begin PBXProject section */
		243BB7342627C0DB00042984 /* Project object */ = {
			isa = PBXProject;
			attributes = {
				LastSwiftUpdateCheck = 1210;
				LastUpgradeCheck = 1210;
				TargetAttributes = {
					243BB73B2627C0DB00042984 = {
						CreatedOnToolsVersion = 12.1;
					};
				};
			};
			buildConfigurationList = 243BB7372627C0DB00042984 /* Build configuration list for PBXProject "Klachu-Klachu" */;
			compatibilityVersion = "Xcode 9.3";
			developmentRegion = en;
			hasScannedForEncodings = 0;
			knownRegions = (
				en,
				Base,
			);
			mainGroup = 243BB7332627C0DB00042984;
			packageReferences = (
				244B1E82263F286800808B65 /* XCRemoteSwiftPackageReference "IQKeyboardManager" */,
			);
			productRefGroup = 243BB73D2627C0DB00042984 /* Products */;
			projectDirPath = "";
			projectRoot = "";
			targets = (
				243BB73B2627C0DB00042984 /* Klachu-Klachu */,
			);
		};
/* End PBXProject section */

/* Begin PBXResourcesBuildPhase section */
		243BB73A2627C0DB00042984 /* Resources */ = {
			isa = PBXResourcesBuildPhase;
			buildActionMask = 2147483647;
			files = (
				243BB74C2627C0DF00042984 /* LaunchScreen.storyboard in Resources */,
				2482D3562628B3330055C78D /* GoogleService-Info.plist in Resources */,
				24B843D4265D799500BFDBE3 /* CustomUsersViewCell.xib in Resources */,
				24631C2A263DC36A00A41415 /* README.md in Resources */,
				244B1E80263EE57F00808B65 /* CustomisedCell.xib in Resources */,
				243BB7492627C0DF00042984 /* Assets.xcassets in Resources */,
				243BB7472627C0DC00042984 /* Main.storyboard in Resources */,
			);
			runOnlyForDeploymentPostprocessing = 0;
		};
/* End PBXResourcesBuildPhase section */

/* Begin PBXShellScriptBuildPhase section */
		B9970B35B4DE54AA8B7DEB2E /* [CP] Check Pods Manifest.lock */ = {
			isa = PBXShellScriptBuildPhase;
			buildActionMask = 2147483647;
			files = (
			);
			inputFileListPaths = (
			);
			inputPaths = (
				"${PODS_PODFILE_DIR_PATH}/Podfile.lock",
				"${PODS_ROOT}/Manifest.lock",
			);
			name = "[CP] Check Pods Manifest.lock";
			outputFileListPaths = (
			);
			outputPaths = (
				"$(DERIVED_FILE_DIR)/Pods-Klachu-Klachu-checkManifestLockResult.txt",
			);
			runOnlyForDeploymentPostprocessing = 0;
			shellPath = /bin/sh;
			shellScript = "diff \"${PODS_PODFILE_DIR_PATH}/Podfile.lock\" \"${PODS_ROOT}/Manifest.lock\" > /dev/null\nif [ $? != 0 ] ; then\n    # print error to STDERR\n    echo \"error: The sandbox is not in sync with the Podfile.lock. Run 'pod install' or update your CocoaPods installation.\" >&2\n    exit 1\nfi\n# This output is used by Xcode 'outputs' to avoid re-running this script phase.\necho \"SUCCESS\" > \"${SCRIPT_OUTPUT_FILE_0}\"\n";
			showEnvVarsInLog = 0;
		};
		FC3D6CA6237F41F33EE3CBB4 /* [CP] Embed Pods Frameworks */ = {
			isa = PBXShellScriptBuildPhase;
			buildActionMask = 2147483647;
			files = (
			);
			inputFileListPaths = (
				"${PODS_ROOT}/Target Support Files/Pods-Klachu-Klachu/Pods-Klachu-Klachu-frameworks-${CONFIGURATION}-input-files.xcfilelist",
			);
			name = "[CP] Embed Pods Frameworks";
			outputFileListPaths = (
				"${PODS_ROOT}/Target Support Files/Pods-Klachu-Klachu/Pods-Klachu-Klachu-frameworks-${CONFIGURATION}-output-files.xcfilelist",
			);
			runOnlyForDeploymentPostprocessing = 0;
			shellPath = /bin/sh;
			shellScript = "\"${PODS_ROOT}/Target Support Files/Pods-Klachu-Klachu/Pods-Klachu-Klachu-frameworks.sh\"\n";
			showEnvVarsInLog = 0;
		};
/* End PBXShellScriptBuildPhase section */

/* Begin PBXSourcesBuildPhase section */
		243BB7382627C0DB00042984 /* Sources */ = {
			isa = PBXSourcesBuildPhase;
			buildActionMask = 2147483647;
			files = (
				243BB7442627C0DB00042984 /* ViewController.swift in Sources */,
				244B1E7F263EE57F00808B65 /* CustomisedCell.swift in Sources */,
				24B843D3265D799500BFDBE3 /* CustomUsersViewCell.swift in Sources */,
				243BB7402627C0DB00042984 /* AppDelegate.swift in Sources */,
				24631C31263DEDEB00A41415 /* SignInViewController.swift in Sources */,
				24514773264DDF3C00CBE583 /* MessageViewController.swift in Sources */,
				243BB7422627C0DB00042984 /* SceneDelegate.swift in Sources */,
				24631C26263D822200A41415 /* FirstViewController.swift in Sources */,
				24631C37263ED70400A41415 /* MessageData.swift in Sources */,
				2453238E2656CCD200E3A878 /* AvatarViewController.swift in Sources */,
				24631C34263EC07300A41415 /* KlachuViewController.swift in Sources */,
				245147772650B60A00CBE583 /* TutorialViewController.swift in Sources */,
				2453238A2654671800E3A878 /* UsersData.swift in Sources */,
				24631C2E263DE4E800A41415 /* SignUpViewController.swift in Sources */,
			);
			runOnlyForDeploymentPostprocessing = 0;
		};
/* End PBXSourcesBuildPhase section */

/* Begin PBXVariantGroup section */
		243BB7452627C0DC00042984 /* Main.storyboard */ = {
			isa = PBXVariantGroup;
			children = (
				243BB7462627C0DC00042984 /* Base */,
			);
			name = Main.storyboard;
			sourceTree = "<group>";
		};
		243BB74A2627C0DF00042984 /* LaunchScreen.storyboard */ = {
			isa = PBXVariantGroup;
			children = (
				243BB74B2627C0DF00042984 /* Base */,
			);
			name = LaunchScreen.storyboard;
			sourceTree = "<group>";
		};
/* End PBXVariantGroup section */

/* Begin XCBuildConfiguration section */
		243BB74E2627C0DF00042984 /* Debug */ = {
			isa = XCBuildConfiguration;
			buildSettings = {
				ALWAYS_SEARCH_USER_PATHS = NO;
				CLANG_ANALYZER_NONNULL = YES;
				CLANG_ANALYZER_NUMBER_OBJECT_CONVERSION = YES_AGGRESSIVE;
				CLANG_CXX_LANGUAGE_STANDARD = "gnu++14";
				CLANG_CXX_LIBRARY = "libc++";
				CLANG_ENABLE_MODULES = YES;
				CLANG_ENABLE_OBJC_ARC = YES;
				CLANG_ENABLE_OBJC_WEAK = YES;
				CLANG_WARN_BLOCK_CAPTURE_AUTORELEASING = YES;
				CLANG_WARN_BOOL_CONVERSION = YES;
				CLANG_WARN_COMMA = YES;
				CLANG_WARN_CONSTANT_CONVERSION = YES;
				CLANG_WARN_DEPRECATED_OBJC_IMPLEMENTATIONS = YES;
				CLANG_WARN_DIRECT_OBJC_ISA_USAGE = YES_ERROR;
				CLANG_WARN_DOCUMENTATION_COMMENTS = YES;
				CLANG_WARN_EMPTY_BODY = YES;
				CLANG_WARN_ENUM_CONVERSION = YES;
				CLANG_WARN_INFINITE_RECURSION = YES;
				CLANG_WARN_INT_CONVERSION = YES;
				CLANG_WARN_NON_LITERAL_NULL_CONVERSION = YES;
				CLANG_WARN_OBJC_IMPLICIT_RETAIN_SELF = YES;
				CLANG_WARN_OBJC_LITERAL_CONVERSION = YES;
				CLANG_WARN_OBJC_ROOT_CLASS = YES_ERROR;
				CLANG_WARN_QUOTED_INCLUDE_IN_FRAMEWORK_HEADER = YES;
				CLANG_WARN_RANGE_LOOP_ANALYSIS = YES;
				CLANG_WARN_STRICT_PROTOTYPES = YES;
				CLANG_WARN_SUSPICIOUS_MOVE = YES;
				CLANG_WARN_UNGUARDED_AVAILABILITY = YES_AGGRESSIVE;
				CLANG_WARN_UNREACHABLE_CODE = YES;
				CLANG_WARN__DUPLICATE_METHOD_MATCH = YES;
				COPY_PHASE_STRIP = NO;
				DEBUG_INFORMATION_FORMAT = dwarf;
				ENABLE_STRICT_OBJC_MSGSEND = YES;
				ENABLE_TESTABILITY = YES;
				GCC_C_LANGUAGE_STANDARD = gnu11;
				GCC_DYNAMIC_NO_PIC = NO;
				GCC_NO_COMMON_BLOCKS = YES;
				GCC_OPTIMIZATION_LEVEL = 0;
				GCC_PREPROCESSOR_DEFINITIONS = (
					"DEBUG=1",
					"$(inherited)",
				);
				GCC_WARN_64_TO_32_BIT_CONVERSION = YES;
				GCC_WARN_ABOUT_RETURN_TYPE = YES_ERROR;
				GCC_WARN_UNDECLARED_SELECTOR = YES;
				GCC_WARN_UNINITIALIZED_AUTOS = YES_AGGRESSIVE;
				GCC_WARN_UNUSED_FUNCTION = YES;
				GCC_WARN_UNUSED_VARIABLE = YES;
				IPHONEOS_DEPLOYMENT_TARGET = 14.1;
				MTL_ENABLE_DEBUG_INFO = INCLUDE_SOURCE;
				MTL_FAST_MATH = YES;
				ONLY_ACTIVE_ARCH = YES;
				SDKROOT = iphoneos;
				SWIFT_ACTIVE_COMPILATION_CONDITIONS = DEBUG;
				SWIFT_OPTIMIZATION_LEVEL = "-Onone";
			};
			name = Debug;
		};
		243BB74F2627C0DF00042984 /* Release */ = {
			isa = XCBuildConfiguration;
			buildSettings = {
				ALWAYS_SEARCH_USER_PATHS = NO;
				CLANG_ANALYZER_NONNULL = YES;
				CLANG_ANALYZER_NUMBER_OBJECT_CONVERSION = YES_AGGRESSIVE;
				CLANG_CXX_LANGUAGE_STANDARD = "gnu++14";
				CLANG_CXX_LIBRARY = "libc++";
				CLANG_ENABLE_MODULES = YES;
				CLANG_ENABLE_OBJC_ARC = YES;
				CLANG_ENABLE_OBJC_WEAK = YES;
				CLANG_WARN_BLOCK_CAPTURE_AUTORELEASING = YES;
				CLANG_WARN_BOOL_CONVERSION = YES;
				CLANG_WARN_COMMA = YES;
				CLANG_WARN_CONSTANT_CONVERSION = YES;
				CLANG_WARN_DEPRECATED_OBJC_IMPLEMENTATIONS = YES;
				CLANG_WARN_DIRECT_OBJC_ISA_USAGE = YES_ERROR;
				CLANG_WARN_DOCUMENTATION_COMMENTS = YES;
				CLANG_WARN_EMPTY_BODY = YES;
				CLANG_WARN_ENUM_CONVERSION = YES;
				CLANG_WARN_INFINITE_RECURSION = YES;
				CLANG_WARN_INT_CONVERSION = YES;
				CLANG_WARN_NON_LITERAL_NULL_CONVERSION = YES;
				CLANG_WARN_OBJC_IMPLICIT_RETAIN_SELF = YES;
				CLANG_WARN_OBJC_LITERAL_CONVERSION = YES;
				CLANG_WARN_OBJC_ROOT_CLASS = YES_ERROR;
				CLANG_WARN_QUOTED_INCLUDE_IN_FRAMEWORK_HEADER = YES;
				CLANG_WARN_RANGE_LOOP_ANALYSIS = YES;
				CLANG_WARN_STRICT_PROTOTYPES = YES;
				CLANG_WARN_SUSPICIOUS_MOVE = YES;
				CLANG_WARN_UNGUARDED_AVAILABILITY = YES_AGGRESSIVE;
				CLANG_WARN_UNREACHABLE_CODE = YES;
				CLANG_WARN__DUPLICATE_METHOD_MATCH = YES;
				COPY_PHASE_STRIP = NO;
				DEBUG_INFORMATION_FORMAT = "dwarf-with-dsym";
				ENABLE_NS_ASSERTIONS = NO;
				ENABLE_STRICT_OBJC_MSGSEND = YES;
				GCC_C_LANGUAGE_STANDARD = gnu11;
				GCC_NO_COMMON_BLOCKS = YES;
				GCC_WARN_64_TO_32_BIT_CONVERSION = YES;
				GCC_WARN_ABOUT_RETURN_TYPE = YES_ERROR;
				GCC_WARN_UNDECLARED_SELECTOR = YES;
				GCC_WARN_UNINITIALIZED_AUTOS = YES_AGGRESSIVE;
				GCC_WARN_UNUSED_FUNCTION = YES;
				GCC_WARN_UNUSED_VARIABLE = YES;
				IPHONEOS_DEPLOYMENT_TARGET = 14.1;
				MTL_ENABLE_DEBUG_INFO = NO;
				MTL_FAST_MATH = YES;
				SDKROOT = iphoneos;
				SWIFT_COMPILATION_MODE = wholemodule;
				SWIFT_OPTIMIZATION_LEVEL = "-O";
				VALIDATE_PRODUCT = YES;
			};
			name = Release;
		};
		243BB7512627C0DF00042984 /* Debug */ = {
			isa = XCBuildConfiguration;
			baseConfigurationReference = 3237186FD83D1700649C250C /* Pods-Klachu-Klachu.debug.xcconfig */;
			buildSettings = {
				ASSETCATALOG_COMPILER_APPICON_NAME = AppIcon;
				ASSETCATALOG_COMPILER_GLOBAL_ACCENT_COLOR_NAME = AccentColor;
				CODE_SIGN_STYLE = Automatic;
				DEVELOPMENT_TEAM = NKBC2RU772;
				INFOPLIST_FILE = "Klachu-Klachu/Info.plist";
				LD_RUNPATH_SEARCH_PATHS = (
					"$(inherited)",
					"@executable_path/Frameworks",
				);
				PRODUCT_BUNDLE_IDENTIFIER = "Dawid-Jozwiak.Klachu-Klachu";
				PRODUCT_NAME = "$(TARGET_NAME)";
				SWIFT_VERSION = 5.0;
				TARGETED_DEVICE_FAMILY = "1,2";
			};
			name = Debug;
		};
		243BB7522627C0DF00042984 /* Release */ = {
			isa = XCBuildConfiguration;
			baseConfigurationReference = 9E4BCDED16CDB8FE60CB5830 /* Pods-Klachu-Klachu.release.xcconfig */;
			buildSettings = {
				ASSETCATALOG_COMPILER_APPICON_NAME = AppIcon;
				ASSETCATALOG_COMPILER_GLOBAL_ACCENT_COLOR_NAME = AccentColor;
				CODE_SIGN_STYLE = Automatic;
				DEVELOPMENT_TEAM = NKBC2RU772;
				INFOPLIST_FILE = "Klachu-Klachu/Info.plist";
				LD_RUNPATH_SEARCH_PATHS = (
					"$(inherited)",
					"@executable_path/Frameworks",
				);
				PRODUCT_BUNDLE_IDENTIFIER = "Dawid-Jozwiak.Klachu-Klachu";
				PRODUCT_NAME = "$(TARGET_NAME)";
				SWIFT_VERSION = 5.0;
				TARGETED_DEVICE_FAMILY = "1,2";
			};
			name = Release;
		};
/* End XCBuildConfiguration section */

/* Begin XCConfigurationList section */
		243BB7372627C0DB00042984 /* Build configuration list for PBXProject "Klachu-Klachu" */ = {
			isa = XCConfigurationList;
			buildConfigurations = (
				243BB74E2627C0DF00042984 /* Debug */,
				243BB74F2627C0DF00042984 /* Release */,
			);
			defaultConfigurationIsVisible = 0;
			defaultConfigurationName = Release;
		};
		243BB7502627C0DF00042984 /* Build configuration list for PBXNativeTarget "Klachu-Klachu" */ = {
			isa = XCConfigurationList;
			buildConfigurations = (
				243BB7512627C0DF00042984 /* Debug */,
				243BB7522627C0DF00042984 /* Release */,
			);
			defaultConfigurationIsVisible = 0;
			defaultConfigurationName = Release;
		};
/* End XCConfigurationList section */

/* Begin XCRemoteSwiftPackageReference section */
		244B1E82263F286800808B65 /* XCRemoteSwiftPackageReference "IQKeyboardManager" */ = {
			isa = XCRemoteSwiftPackageReference;
			repositoryURL = "https://github.com/hackiftekhar/IQKeyboardManager";
			requirement = {
				kind = upToNextMajorVersion;
				minimumVersion = 6.5.6;
			};
		};
/* End XCRemoteSwiftPackageReference section */

/* Begin XCSwiftPackageProductDependency section */
		244B1E83263F286800808B65 /* IQKeyboardManagerSwift */ = {
			isa = XCSwiftPackageProductDependency;
			package = 244B1E82263F286800808B65 /* XCRemoteSwiftPackageReference "IQKeyboardManager" */;
			productName = IQKeyboardManagerSwift;
		};
/* End XCSwiftPackageProductDependency section */
	};
	rootObject = 243BB7342627C0DB00042984 /* Project object */;
}
